
Microsoft Visual Studio Solution File, Format Version 12.00
# Visual Studio Version 16
VisualStudioVersion = 16.0.31911.196
MinimumVisualStudioVersion = 10.0.40219.1
Project("{FAE04EC0-301F-11D3-BF4B-00C04F79EFBC}") = "Lab2.Bank", "Lab2.Bank.csproj", "{890D28DD-EE65-488C-993A-00F927401B61}"
EndProject
Global
	GlobalSection(SolutionConfigurationPlatforms) = preSolution
		Debug|Any CPU = Debug|Any CPU
		Release|Any CPU = Release|Any CPU
	EndGlobalSection
	GlobalSection(ProjectConfigurationPlatforms) = postSolution
		{890D28DD-EE65-488C-993A-00F927401B61}.Debug|Any CPU.ActiveCfg = Debug|Any CPU
		{890D28DD-EE65-488C-993A-00F927401B61}.Debug|Any CPU.Build.0 = Debug|Any CPU
		{890D28DD-EE65-488C-993A-00F927401B61}.Release|Any CPU.ActiveCfg = Release|Any CPU
		{890D28DD-EE65-488C-993A-00F927401B61}.Release|Any CPU.Build.0 = Release|Any CPU
	EndGlobalSection
	GlobalSection(SolutionProperties) = preSolution
		HideSolutionNode = FALSE
	EndGlobalSection
	GlobalSection(ExtensibilityGlobals) = postSolution
		SolutionGuid = {EF7CED72-022B-4D3C-9E23-0ADF3B0139B8}
	EndGlobalSection
EndGlobal
